
Microsoft Visual Studio Solution File, Format Version 12.00
# Visual Studio Version 17
VisualStudioVersion = 17.5.33402.96
MinimumVisualStudioVersion = 10.0.40219.1
Project("{FAE04EC0-301F-11D3-BF4B-00C04F79EFBC}") = "Dashboard", "Dashboard\Dashboard.csproj", "{98EA1507-2B73-400D-B57E-65B50690104B}"
EndProject
Global
	GlobalSection(SolutionConfigurationPlatforms) = preSolution
		Debug|Any CPU = Debug|Any CPU
		Release|Any CPU = Release|Any CPU
	EndGlobalSection
	GlobalSection(ProjectConfigurationPlatforms) = postSolution
		{98EA1507-2B73-400D-B57E-65B50690104B}.Debug|Any CPU.ActiveCfg = Debug|Any CPU
		{98EA1507-2B73-400D-B57E-65B50690104B}.Debug|Any CPU.Build.0 = Debug|Any CPU
		{98EA1507-2B73-400D-B57E-65B50690104B}.Release|Any CPU.ActiveCfg = Release|Any CPU
		{98EA1507-2B73-400D-B57E-65B50690104B}.Release|Any CPU.Build.0 = Release|Any CPU
	EndGlobalSection
	GlobalSection(SolutionProperties) = preSolution
		HideSolutionNode = FALSE
	EndGlobalSection
	GlobalSection(ExtensibilityGlobals) = postSolution
		SolutionGuid = {AD7D8631-9C19-44AE-95B5-3F92BE07C457}
	EndGlobalSection
EndGlobal
